
Microsoft Visual Studio Solution File, Format Version 12.00
# Visual Studio Version 17
VisualStudioVersion = 17.3.32929.385
MinimumVisualStudioVersion = 10.0.40219.1
Project("{FAE04EC0-301F-11D3-BF4B-00C04F79EFBC}") = "backProject", "backProject.csproj", "{9DCF237A-680D-456A-B132-04C45C0E356A}"
EndProject
Global
	GlobalSection(SolutionConfigurationPlatforms) = preSolution
		Debug|Any CPU = Debug|Any CPU
		Release|Any CPU = Release|Any CPU
	EndGlobalSection
	GlobalSection(ProjectConfigurationPlatforms) = postSolution
		{9DCF237A-680D-456A-B132-04C45C0E356A}.Debug|Any CPU.ActiveCfg = Debug|Any CPU
		{9DCF237A-680D-456A-B132-04C45C0E356A}.Debug|Any CPU.Build.0 = Debug|Any CPU
		{9DCF237A-680D-456A-B132-04C45C0E356A}.Release|Any CPU.ActiveCfg = Release|Any CPU
		{9DCF237A-680D-456A-B132-04C45C0E356A}.Release|Any CPU.Build.0 = Release|Any CPU
	EndGlobalSection
	GlobalSection(SolutionProperties) = preSolution
		HideSolutionNode = FALSE
	EndGlobalSection
	GlobalSection(ExtensibilityGlobals) = postSolution
		SolutionGuid = {82726F2E-A5F2-4A2F-9F97-4CC747D3690F}
	EndGlobalSection
EndGlobal
